<?xml version="1.0" encoding="UTF-8"?>
<Project ToolsVersion="15.0" xmlns="http://schemas.microsoft.com/developer/msbuild/2003">
  <ItemGroup>
    <CustomBuild Include="D:\GitHub\EmulationStation\CMakeFiles\87767c9c1ea623861554e2a963e883f3\PACKAGE_force.rule">
      <Filter>CMake Rules</Filter>
    </CustomBuild>
  </ItemGroup>
  <ItemGroup>
    <Filter Include="CMake Rules">
      <UniqueIdentifier>{9D84BC1B-41BC-3AE5-89CB-550E74470A05}</UniqueIdentifier>
    </Filter>
  </ItemGroup>
</Project>
