<?xml version="1.0" encoding="UTF-8"?>
<Project ToolsVersion="15.0" xmlns="http://schemas.microsoft.com/developer/msbuild/2003">
  <ItemGroup>
    <ClCompile Include="D:\GitHub\EmulationStation\es-app\src\FileData.cpp">
      <Filter>Source Files</Filter>
    </ClCompile>
    <ClCompile Include="D:\GitHub\EmulationStation\es-app\src\FileSorts.cpp">
      <Filter>Source Files</Filter>
    </ClCompile>
    <ClCompile Include="D:\GitHub\EmulationStation\es-app\src\main.cpp">
      <Filter>Source Files</Filter>
    </ClCompile>
    <ClCompile Include="D:\GitHub\EmulationStation\es-app\src\MetaData.cpp">
      <Filter>Source Files</Filter>
    </ClCompile>
    <ClCompile Include="D:\GitHub\EmulationStation\es-app\src\PlatformId.cpp">
      <Filter>Source Files</Filter>
    </ClCompile>
    <ClCompile Include="D:\GitHub\EmulationStation\es-app\src\ScraperCmdLine.cpp">
      <Filter>Source Files</Filter>
    </ClCompile>
    <ClCompile Include="D:\GitHub\EmulationStation\es-app\src\SystemData.cpp">
      <Filter>Source Files</Filter>
    </ClCompile>
    <ClCompile Include="D:\GitHub\EmulationStation\es-app\src\VolumeControl.cpp">
      <Filter>Source Files</Filter>
    </ClCompile>
    <ClCompile Include="D:\GitHub\EmulationStation\es-app\src\Gamelist.cpp">
      <Filter>Source Files</Filter>
    </ClCompile>
    <ClCompile Include="D:\GitHub\EmulationStation\es-app\src\FileFilterIndex.cpp">
      <Filter>Source Files</Filter>
    </ClCompile>
    <ClCompile Include="D:\GitHub\EmulationStation\es-app\src\SystemScreenSaver.cpp">
      <Filter>Source Files</Filter>
    </ClCompile>
    <ClCompile Include="D:\GitHub\EmulationStation\es-app\src\CollectionSystemManager.cpp">
      <Filter>Source Files</Filter>
    </ClCompile>
    <ClCompile Include="D:\GitHub\EmulationStation\es-app\src\components\AsyncReqComponent.cpp">
      <Filter>Source Files</Filter>
    </ClCompile>
    <ClCompile Include="D:\GitHub\EmulationStation\es-app\src\components\RatingComponent.cpp">
      <Filter>Source Files</Filter>
    </ClCompile>
    <ClCompile Include="D:\GitHub\EmulationStation\es-app\src\components\ScraperSearchComponent.cpp">
      <Filter>Source Files</Filter>
    </ClCompile>
    <ClCompile Include="D:\GitHub\EmulationStation\es-app\src\guis\GuiFastSelect.cpp">
      <Filter>Source Files</Filter>
    </ClCompile>
    <ClCompile Include="D:\GitHub\EmulationStation\es-app\src\guis\GuiMetaDataEd.cpp">
      <Filter>Source Files</Filter>
    </ClCompile>
    <ClCompile Include="D:\GitHub\EmulationStation\es-app\src\guis\GuiGameScraper.cpp">
      <Filter>Source Files</Filter>
    </ClCompile>
    <ClCompile Include="D:\GitHub\EmulationStation\es-app\src\guis\GuiGamelistOptions.cpp">
      <Filter>Source Files</Filter>
    </ClCompile>
    <ClCompile Include="D:\GitHub\EmulationStation\es-app\src\guis\GuiScreensaverOptions.cpp">
      <Filter>Source Files</Filter>
    </ClCompile>
    <ClCompile Include="D:\GitHub\EmulationStation\es-app\src\guis\GuiGeneralScreensaverOptions.cpp">
      <Filter>Source Files</Filter>
    </ClCompile>
    <ClCompile Include="D:\GitHub\EmulationStation\es-app\src\guis\GuiVideoScreensaverOptions.cpp">
      <Filter>Source Files</Filter>
    </ClCompile>
    <ClCompile Include="D:\GitHub\EmulationStation\es-app\src\guis\GuiSlideshowScreensaverOptions.cpp">
      <Filter>Source Files</Filter>
    </ClCompile>
    <ClCompile Include="D:\GitHub\EmulationStation\es-app\src\guis\GuiMenu.cpp">
      <Filter>Source Files</Filter>
    </ClCompile>
    <ClCompile Include="D:\GitHub\EmulationStation\es-app\src\guis\GuiSettings.cpp">
      <Filter>Source Files</Filter>
    </ClCompile>
    <ClCompile Include="D:\GitHub\EmulationStation\es-app\src\guis\GuiScraperMulti.cpp">
      <Filter>Source Files</Filter>
    </ClCompile>
    <ClCompile Include="D:\GitHub\EmulationStation\es-app\src\guis\GuiScraperStart.cpp">
      <Filter>Source Files</Filter>
    </ClCompile>
    <ClCompile Include="D:\GitHub\EmulationStation\es-app\src\guis\GuiGamelistFilter.cpp">
      <Filter>Source Files</Filter>
    </ClCompile>
    <ClCompile Include="D:\GitHub\EmulationStation\es-app\src\guis\GuiCollectionSystemsOptions.cpp">
      <Filter>Source Files</Filter>
    </ClCompile>
    <ClCompile Include="D:\GitHub\EmulationStation\es-app\src\guis\GuiInfoPopup.cpp">
      <Filter>Source Files</Filter>
    </ClCompile>
    <ClCompile Include="D:\GitHub\EmulationStation\es-app\src\scrapers\Scraper.cpp">
      <Filter>Source Files</Filter>
    </ClCompile>
    <ClCompile Include="D:\GitHub\EmulationStation\es-app\src\scrapers\GamesDBScraper.cpp">
      <Filter>Source Files</Filter>
    </ClCompile>
    <ClCompile Include="D:\GitHub\EmulationStation\es-app\src\views\gamelist\BasicGameListView.cpp">
      <Filter>Source Files</Filter>
    </ClCompile>
    <ClCompile Include="D:\GitHub\EmulationStation\es-app\src\views\gamelist\DetailedGameListView.cpp">
      <Filter>Source Files</Filter>
    </ClCompile>
    <ClCompile Include="D:\GitHub\EmulationStation\es-app\src\views\gamelist\IGameListView.cpp">
      <Filter>Source Files</Filter>
    </ClCompile>
    <ClCompile Include="D:\GitHub\EmulationStation\es-app\src\views\gamelist\ISimpleGameListView.cpp">
      <Filter>Source Files</Filter>
    </ClCompile>
    <ClCompile Include="D:\GitHub\EmulationStation\es-app\src\views\gamelist\GridGameListView.cpp">
      <Filter>Source Files</Filter>
    </ClCompile>
    <ClCompile Include="D:\GitHub\EmulationStation\es-app\src\views\gamelist\VideoGameListView.cpp">
      <Filter>Source Files</Filter>
    </ClCompile>
    <ClCompile Include="D:\GitHub\EmulationStation\es-app\src\views\SystemView.cpp">
      <Filter>Source Files</Filter>
    </ClCompile>
    <ClCompile Include="D:\GitHub\EmulationStation\es-app\src\views\ViewController.cpp">
      <Filter>Source Files</Filter>
    </ClCompile>
    <ClCompile Include="D:\GitHub\EmulationStation\es-app\src\views\UIModeController.cpp">
      <Filter>Source Files</Filter>
    </ClCompile>
  </ItemGroup>
  <ItemGroup>
    <ClInclude Include="D:\GitHub\EmulationStation\es-app\src\EmulationStation.h">
      <Filter>Header Files</Filter>
    </ClInclude>
    <ClInclude Include="D:\GitHub\EmulationStation\es-app\src\FileData.h">
      <Filter>Header Files</Filter>
    </ClInclude>
    <ClInclude Include="D:\GitHub\EmulationStation\es-app\src\FileSorts.h">
      <Filter>Header Files</Filter>
    </ClInclude>
    <ClInclude Include="D:\GitHub\EmulationStation\es-app\src\MetaData.h">
      <Filter>Header Files</Filter>
    </ClInclude>
    <ClInclude Include="D:\GitHub\EmulationStation\es-app\src\PlatformId.h">
      <Filter>Header Files</Filter>
    </ClInclude>
    <ClInclude Include="D:\GitHub\EmulationStation\es-app\src\ScraperCmdLine.h">
      <Filter>Header Files</Filter>
    </ClInclude>
    <ClInclude Include="D:\GitHub\EmulationStation\es-app\src\SystemData.h">
      <Filter>Header Files</Filter>
    </ClInclude>
    <ClInclude Include="D:\GitHub\EmulationStation\es-app\src\VolumeControl.h">
      <Filter>Header Files</Filter>
    </ClInclude>
    <ClInclude Include="D:\GitHub\EmulationStation\es-app\src\Gamelist.h">
      <Filter>Header Files</Filter>
    </ClInclude>
    <ClInclude Include="D:\GitHub\EmulationStation\es-app\src\FileFilterIndex.h">
      <Filter>Header Files</Filter>
    </ClInclude>
    <ClInclude Include="D:\GitHub\EmulationStation\es-app\src\SystemScreenSaver.h">
      <Filter>Header Files</Filter>
    </ClInclude>
    <ClInclude Include="D:\GitHub\EmulationStation\es-app\src\CollectionSystemManager.h">
      <Filter>Header Files</Filter>
    </ClInclude>
    <ClInclude Include="D:\GitHub\EmulationStation\es-app\src\components\AsyncReqComponent.h">
      <Filter>Header Files</Filter>
    </ClInclude>
    <ClInclude Include="D:\GitHub\EmulationStation\es-app\src\components\RatingComponent.h">
      <Filter>Header Files</Filter>
    </ClInclude>
    <ClInclude Include="D:\GitHub\EmulationStation\es-app\src\components\ScraperSearchComponent.h">
      <Filter>Header Files</Filter>
    </ClInclude>
    <ClInclude Include="D:\GitHub\EmulationStation\es-app\src\components\TextListComponent.h">
      <Filter>Header Files</Filter>
    </ClInclude>
    <ClInclude Include="D:\GitHub\EmulationStation\es-app\src\guis\GuiFastSelect.h">
      <Filter>Header Files</Filter>
    </ClInclude>
    <ClInclude Include="D:\GitHub\EmulationStation\es-app\src\guis\GuiMetaDataEd.h">
      <Filter>Header Files</Filter>
    </ClInclude>
    <ClInclude Include="D:\GitHub\EmulationStation\es-app\src\guis\GuiGameScraper.h">
      <Filter>Header Files</Filter>
    </ClInclude>
    <ClInclude Include="D:\GitHub\EmulationStation\es-app\src\guis\GuiGamelistOptions.h">
      <Filter>Header Files</Filter>
    </ClInclude>
    <ClInclude Include="D:\GitHub\EmulationStation\es-app\src\guis\GuiScreensaverOptions.h">
      <Filter>Header Files</Filter>
    </ClInclude>
    <ClInclude Include="D:\GitHub\EmulationStation\es-app\src\guis\GuiGeneralScreensaverOptions.h">
      <Filter>Header Files</Filter>
    </ClInclude>
    <ClInclude Include="D:\GitHub\EmulationStation\es-app\src\guis\GuiVideoScreensaverOptions.h">
      <Filter>Header Files</Filter>
    </ClInclude>
    <ClInclude Include="D:\GitHub\EmulationStation\es-app\src\guis\GuiSlideshowScreensaverOptions.h">
      <Filter>Header Files</Filter>
    </ClInclude>
    <ClInclude Include="D:\GitHub\EmulationStation\es-app\src\guis\GuiMenu.h">
      <Filter>Header Files</Filter>
    </ClInclude>
    <ClInclude Include="D:\GitHub\EmulationStation\es-app\src\guis\GuiSettings.h">
      <Filter>Header Files</Filter>
    </ClInclude>
    <ClInclude Include="D:\GitHub\EmulationStation\es-app\src\guis\GuiScraperMulti.h">
      <Filter>Header Files</Filter>
    </ClInclude>
    <ClInclude Include="D:\GitHub\EmulationStation\es-app\src\guis\GuiScraperStart.h">
      <Filter>Header Files</Filter>
    </ClInclude>
    <ClInclude Include="D:\GitHub\EmulationStation\es-app\src\guis\GuiGamelistFilter.h">
      <Filter>Header Files</Filter>
    </ClInclude>
    <ClInclude Include="D:\GitHub\EmulationStation\es-app\src\guis\GuiCollectionSystemsOptions.h">
      <Filter>Header Files</Filter>
    </ClInclude>
    <ClInclude Include="D:\GitHub\EmulationStation\es-app\src\guis\GuiInfoPopup.h">
      <Filter>Header Files</Filter>
    </ClInclude>
    <ClInclude Include="D:\GitHub\EmulationStation\es-app\src\scrapers\Scraper.h">
      <Filter>Header Files</Filter>
    </ClInclude>
    <ClInclude Include="D:\GitHub\EmulationStation\es-app\src\scrapers\GamesDBScraper.h">
      <Filter>Header Files</Filter>
    </ClInclude>
    <ClInclude Include="D:\GitHub\EmulationStation\es-app\src\views\gamelist\BasicGameListView.h">
      <Filter>Header Files</Filter>
    </ClInclude>
    <ClInclude Include="D:\GitHub\EmulationStation\es-app\src\views\gamelist\DetailedGameListView.h">
      <Filter>Header Files</Filter>
    </ClInclude>
    <ClInclude Include="D:\GitHub\EmulationStation\es-app\src\views\gamelist\IGameListView.h">
      <Filter>Header Files</Filter>
    </ClInclude>
    <ClInclude Include="D:\GitHub\EmulationStation\es-app\src\views\gamelist\ISimpleGameListView.h">
      <Filter>Header Files</Filter>
    </ClInclude>
    <ClInclude Include="D:\GitHub\EmulationStation\es-app\src\views\gamelist\GridGameListView.h">
      <Filter>Header Files</Filter>
    </ClInclude>
    <ClInclude Include="D:\GitHub\EmulationStation\es-app\src\views\gamelist\VideoGameListView.h">
      <Filter>Header Files</Filter>
    </ClInclude>
    <ClInclude Include="D:\GitHub\EmulationStation\es-app\src\views\SystemView.h">
      <Filter>Header Files</Filter>
    </ClInclude>
    <ClInclude Include="D:\GitHub\EmulationStation\es-app\src\views\ViewController.h">
      <Filter>Header Files</Filter>
    </ClInclude>
    <ClInclude Include="D:\GitHub\EmulationStation\es-app\src\views\UIModeController.h">
      <Filter>Header Files</Filter>
    </ClInclude>
    <ClInclude Include="D:\GitHub\EmulationStation\es-app\src\animations\LaunchAnimation.h">
      <Filter>Header Files</Filter>
    </ClInclude>
    <ClInclude Include="D:\GitHub\EmulationStation\es-app\src\animations\MoveCameraAnimation.h">
      <Filter>Header Files</Filter>
    </ClInclude>
  </ItemGroup>
  <ItemGroup>
    <CustomBuild Include="D:\GitHub\EmulationStation\es-app\CMakeLists.txt" />
  </ItemGroup>
  <ItemGroup>
    <ResourceCompile Include="D:\GitHub\EmulationStation\es-app\src\EmulationStation.rc">
      <Filter>Source Files</Filter>
    </ResourceCompile>
  </ItemGroup>
  <ItemGroup>
    <Filter Include="Source Files">
      <UniqueIdentifier>{3AD76BF2-A241-3F37-9FB1-9B9CBD7E667D}</UniqueIdentifier>
    </Filter>
    <Filter Include="Header Files">
      <UniqueIdentifier>{AB5C09BA-AFEC-3EE8-BCE8-EC69A4B51E66}</UniqueIdentifier>
    </Filter>
  </ItemGroup>
</Project>
